
Microsoft Visual Studio Solution File, Format Version 12.00
# Visual Studio Version 16
VisualStudioVersion = 16.0.31729.503
MinimumVisualStudioVersion = 10.0.40219.1
Project("{FAE04EC0-301F-11D3-BF4B-00C04F79EFBC}") = "Employee_Payroll_Service_ADO.NET", "Employee_Payroll_Service_ADO.NET\Employee_Payroll_Service_ADO.NET.csproj", "{32293C00-0F74-48AA-B8CB-1FFE78677942}"
EndProject
Global
	GlobalSection(SolutionConfigurationPlatforms) = preSolution
		Debug|Any CPU = Debug|Any CPU
		Release|Any CPU = Release|Any CPU
	EndGlobalSection
	GlobalSection(ProjectConfigurationPlatforms) = postSolution
		{32293C00-0F74-48AA-B8CB-1FFE78677942}.Debug|Any CPU.ActiveCfg = Debug|Any CPU
		{32293C00-0F74-48AA-B8CB-1FFE78677942}.Debug|Any CPU.Build.0 = Debug|Any CPU
		{32293C00-0F74-48AA-B8CB-1FFE78677942}.Release|Any CPU.ActiveCfg = Release|Any CPU
		{32293C00-0F74-48AA-B8CB-1FFE78677942}.Release|Any CPU.Build.0 = Release|Any CPU
	EndGlobalSection
	GlobalSection(SolutionProperties) = preSolution
		HideSolutionNode = FALSE
	EndGlobalSection
	GlobalSection(ExtensibilityGlobals) = postSolution
		SolutionGuid = {70E6BA84-43E0-4D9A-A391-046F9479F899}
	EndGlobalSection
EndGlobal
